
Microsoft Visual Studio Solution File, Format Version 12.00
# Visual Studio Version 17
VisualStudioVersion = 17.6.33815.320
MinimumVisualStudioVersion = 10.0.40219.1
Project("{FAE04EC0-301F-11D3-BF4B-00C04F79EFBC}") = "Final_ASP_04", "Final_ASP_04\Final_ASP_04.csproj", "{ED4FE1E0-2B53-4D3F-82AC-3A76242CB6DF}"
EndProject
Project("{FAE04EC0-301F-11D3-BF4B-00C04F79EFBC}") = "Final_ASP_04_back", "Final_ASP_04_back\Final_ASP_04_back.csproj", "{6495503D-3326-447D-896D-89D07C7F76B7}"
EndProject
Global
	GlobalSection(SolutionConfigurationPlatforms) = preSolution
		Debug|Any CPU = Debug|Any CPU
		Release|Any CPU = Release|Any CPU
	EndGlobalSection
	GlobalSection(ProjectConfigurationPlatforms) = postSolution
		{ED4FE1E0-2B53-4D3F-82AC-3A76242CB6DF}.Debug|Any CPU.ActiveCfg = Debug|Any CPU
		{ED4FE1E0-2B53-4D3F-82AC-3A76242CB6DF}.Debug|Any CPU.Build.0 = Debug|Any CPU
		{ED4FE1E0-2B53-4D3F-82AC-3A76242CB6DF}.Release|Any CPU.ActiveCfg = Release|Any CPU
		{ED4FE1E0-2B53-4D3F-82AC-3A76242CB6DF}.Release|Any CPU.Build.0 = Release|Any CPU
		{6495503D-3326-447D-896D-89D07C7F76B7}.Debug|Any CPU.ActiveCfg = Debug|Any CPU
		{6495503D-3326-447D-896D-89D07C7F76B7}.Debug|Any CPU.Build.0 = Debug|Any CPU
		{6495503D-3326-447D-896D-89D07C7F76B7}.Release|Any CPU.ActiveCfg = Release|Any CPU
		{6495503D-3326-447D-896D-89D07C7F76B7}.Release|Any CPU.Build.0 = Release|Any CPU
	EndGlobalSection
	GlobalSection(SolutionProperties) = preSolution
		HideSolutionNode = FALSE
	EndGlobalSection
	GlobalSection(ExtensibilityGlobals) = postSolution
		SolutionGuid = {D96450A5-AF44-4CB1-98E3-4B144BA9C84B}
	EndGlobalSection
EndGlobal
